
Microsoft Visual Studio Solution File, Format Version 11.00
# Visual Studio 2010
Project("{FAE04EC0-301F-11D3-BF4B-00C04F79EFBC}") = "Assembly-CSharp", "Assembly-CSharp.csproj", "{95f13268-64a8-c1fb-b4a1-641ce4c408ca}"
EndProject
Project("{FAE04EC0-301F-11D3-BF4B-00C04F79EFBC}") = "Assembly-CSharp-Editor", "Assembly-CSharp-Editor.csproj", "{df8fe5e3-482d-c5b7-0af4-9277694889a8}"
EndProject
Global
	GlobalSection(SolutionConfigurationPlatforms) = preSolution
		Debug|Any CPU = Debug|Any CPU
	EndGlobalSection
	GlobalSection(ProjectConfigurationPlatforms) = postSolution
		{95f13268-64a8-c1fb-b4a1-641ce4c408ca}.Debug|Any CPU.ActiveCfg = Debug|Any CPU
		{95f13268-64a8-c1fb-b4a1-641ce4c408ca}.Debug|Any CPU.Build.0 = Debug|Any CPU
		{df8fe5e3-482d-c5b7-0af4-9277694889a8}.Debug|Any CPU.ActiveCfg = Debug|Any CPU
		{df8fe5e3-482d-c5b7-0af4-9277694889a8}.Debug|Any CPU.Build.0 = Debug|Any CPU
	EndGlobalSection
	GlobalSection(SolutionProperties) = preSolution
		HideSolutionNode = FALSE
	EndGlobalSection
EndGlobal
